lockfileVersion: '9.0'

settings:
  autoInstallPeers: true
  excludeLinksFromLockfile: false

importers:

  .:
    dependencies:
      '@supabase/supabase-js':
        specifier: ^2.43.4
        version: 2.49.8
      cookie:
        specifier: ^1.0.2
        version: 1.0.2
    devDependencies:
      tsx:
        specifier: ^4.19.4
        version: 4.19.4
      typescript:
        specifier: ^5.4.5
        version: 5.8.3

packages:

  '@esbuild/aix-ppc64@0.25.5':
    resolution: {integrity: sha512-9o3TMmpmftaCMepOdA5k/yDw8SfInyzWWTjYTFCX3kPSDJMROQTb8jg+h9Cnwnmm1vOzvxN7gIfB5V2ewpjtGA==}
    engines: {node: '>=18'}
    cpu: [ppc64]
    os: [aix]

  '@esbuild/android-arm64@0.25.5':
    resolution: {integrity: sha512-VGzGhj4lJO+TVGV1v8ntCZWJktV7SGCs3Pn1GRWI1SBFtRALoomm8k5E9Pmwg3HOAal2VDc2F9+PM/rEY6oIDg==}
    engines: {node: '>=18'}
    cpu: [arm64]
    os: [android]

  '@esbuild/android-arm@0.25.5':
    resolution: {integrity: sha512-AdJKSPeEHgi7/ZhuIPtcQKr5RQdo6OO2IL87JkianiMYMPbCtot9fxPbrMiBADOWWm3T2si9stAiVsGbTQFkbA==}
    engines: {node: '>=18'}
    cpu: [arm]
    os: [android]

  '@esbuild/android-x64@0.25.5':
    resolution: {integrity: sha512-D2GyJT1kjvO//drbRT3Hib9XPwQeWd9vZoBJn+bu/lVsOZ13cqNdDeqIF/xQ5/VmWvMduP6AmXvylO/PIc2isw==}
    engines: {node: '>=18'}
    cpu: [x64]
    os: [android]

  '@esbuild/darwin-arm64@0.25.5':
    resolution: {integrity: sha512-GtaBgammVvdF7aPIgH2jxMDdivezgFu6iKpmT+48+F8Hhg5J/sfnDieg0aeG/jfSvkYQU2/pceFPDKlqZzwnfQ==}
    engines: {node: '>=18'}
    cpu: [arm64]
    os: [darwin]

  '@esbuild/darwin-x64@0.25.5':
    resolution: {integrity: sha512-1iT4FVL0dJ76/q1wd7XDsXrSW+oLoquptvh4CLR4kITDtqi2e/xwXwdCVH8hVHU43wgJdsq7Gxuzcs6Iq/7bxQ==}
    engines: {node: '>=18'}
    cpu: [x64]
    os: [darwin]

  '@esbuild/freebsd-arm64@0.25.5':
    resolution: {integrity: sha512-nk4tGP3JThz4La38Uy/gzyXtpkPW8zSAmoUhK9xKKXdBCzKODMc2adkB2+8om9BDYugz+uGV7sLmpTYzvmz6Sw==}
    engines: {node: '>=18'}
    cpu: [arm64]
    os: [freebsd]

  '@esbuild/freebsd-x64@0.25.5':
    resolution: {integrity: sha512-PrikaNjiXdR2laW6OIjlbeuCPrPaAl0IwPIaRv+SMV8CiM8i2LqVUHFC1+8eORgWyY7yhQY+2U2fA55mBzReaw==}
    engines: {node: '>=18'}
    cpu: [x64]
    os: [freebsd]

  '@esbuild/linux-arm64@0.25.5':
    resolution: {integrity: sha512-Z9kfb1v6ZlGbWj8EJk9T6czVEjjq2ntSYLY2cw6pAZl4oKtfgQuS4HOq41M/BcoLPzrUbNd+R4BXFyH//nHxVg==}
    engines: {node: '>=18'}
    cpu: [arm64]
    os: [linux]

  '@esbuild/linux-arm@0.25.5':
    resolution: {integrity: sha512-cPzojwW2okgh7ZlRpcBEtsX7WBuqbLrNXqLU89GxWbNt6uIg78ET82qifUy3W6OVww6ZWobWub5oqZOVtwolfw==}
    engines: {node: '>=18'}
    cpu: [arm]
    os: [linux]

  '@esbuild/linux-ia32@0.25.5':
    resolution: {integrity: sha512-sQ7l00M8bSv36GLV95BVAdhJ2QsIbCuCjh/uYrWiMQSUuV+LpXwIqhgJDcvMTj+VsQmqAHL2yYaasENvJ7CDKA==}
    engines: {node: '>=18'}
    cpu: [ia32]
    os: [linux]

  '@esbuild/linux-loong64@0.25.5':
    resolution: {integrity: sha512-0ur7ae16hDUC4OL5iEnDb0tZHDxYmuQyhKhsPBV8f99f6Z9KQM02g33f93rNH5A30agMS46u2HP6qTdEt6Q1kg==}
    engines: {node: '>=18'}
    cpu: [loong64]
    os: [linux]

  '@esbuild/linux-mips64el@0.25.5':
    resolution: {integrity: sha512-kB/66P1OsHO5zLz0i6X0RxlQ+3cu0mkxS3TKFvkb5lin6uwZ/ttOkP3Z8lfR9mJOBk14ZwZ9182SIIWFGNmqmg==}
    engines: {node: '>=18'}
    cpu: [mips64el]
    os: [linux]

  '@esbuild/linux-ppc64@0.25.5':
    resolution: {integrity: sha512-UZCmJ7r9X2fe2D6jBmkLBMQetXPXIsZjQJCjgwpVDz+YMcS6oFR27alkgGv3Oqkv07bxdvw7fyB71/olceJhkQ==}
    engines: {node: '>=18'}
    cpu: [ppc64]
    os: [linux]

  '@esbuild/linux-riscv64@0.25.5':
    resolution: {integrity: sha512-kTxwu4mLyeOlsVIFPfQo+fQJAV9mh24xL+y+Bm6ej067sYANjyEw1dNHmvoqxJUCMnkBdKpvOn0Ahql6+4VyeA==}
    engines: {node: '>=18'}
    cpu: [riscv64]
    os: [linux]

  '@esbuild/linux-s390x@0.25.5':
    resolution: {integrity: sha512-K2dSKTKfmdh78uJ3NcWFiqyRrimfdinS5ErLSn3vluHNeHVnBAFWC8a4X5N+7FgVE1EjXS1QDZbpqZBjfrqMTQ==}
    engines: {node: '>=18'}
    cpu: [s390x]
    os: [linux]

  '@esbuild/linux-x64@0.25.5':
    resolution: {integrity: sha512-uhj8N2obKTE6pSZ+aMUbqq+1nXxNjZIIjCjGLfsWvVpy7gKCOL6rsY1MhRh9zLtUtAI7vpgLMK6DxjO8Qm9lJw==}
    engines: {node: '>=18'}
    cpu: [x64]
    os: [linux]

  '@esbuild/netbsd-arm64@0.25.5':
    resolution: {integrity: sha512-pwHtMP9viAy1oHPvgxtOv+OkduK5ugofNTVDilIzBLpoWAM16r7b/mxBvfpuQDpRQFMfuVr5aLcn4yveGvBZvw==}
    engines: {node: '>=18'}
    cpu: [arm64]
    os: [netbsd]

  '@esbuild/netbsd-x64@0.25.5':
    resolution: {integrity: sha512-WOb5fKrvVTRMfWFNCroYWWklbnXH0Q5rZppjq0vQIdlsQKuw6mdSihwSo4RV/YdQ5UCKKvBy7/0ZZYLBZKIbwQ==}
    engines: {node: '>=18'}
    cpu: [x64]
    os: [netbsd]

  '@esbuild/openbsd-arm64@0.25.5':
    resolution: {integrity: sha512-7A208+uQKgTxHd0G0uqZO8UjK2R0DDb4fDmERtARjSHWxqMTye4Erz4zZafx7Di9Cv+lNHYuncAkiGFySoD+Mw==}
    engines: {node: '>=18'}
    cpu: [arm64]
    os: [openbsd]

  '@esbuild/openbsd-x64@0.25.5':
    resolution: {integrity: sha512-G4hE405ErTWraiZ8UiSoesH8DaCsMm0Cay4fsFWOOUcz8b8rC6uCvnagr+gnioEjWn0wC+o1/TAHt+It+MpIMg==}
    engines: {node: '>=18'}
    cpu: [x64]
    os: [openbsd]

  '@esbuild/sunos-x64@0.25.5':
    resolution: {integrity: sha512-l+azKShMy7FxzY0Rj4RCt5VD/q8mG/e+mDivgspo+yL8zW7qEwctQ6YqKX34DTEleFAvCIUviCFX1SDZRSyMQA==}
    engines: {node: '>=18'}
    cpu: [x64]
    os: [sunos]

  '@esbuild/win32-arm64@0.25.5':
    resolution: {integrity: sha512-O2S7SNZzdcFG7eFKgvwUEZ2VG9D/sn/eIiz8XRZ1Q/DO5a3s76Xv0mdBzVM5j5R639lXQmPmSo0iRpHqUUrsxw==}
    engines: {node: '>=18'}
    cpu: [arm64]
    os: [win32]

  '@esbuild/win32-ia32@0.25.5':
    resolution: {integrity: sha512-onOJ02pqs9h1iMJ1PQphR+VZv8qBMQ77Klcsqv9CNW2w6yLqoURLcgERAIurY6QE63bbLuqgP9ATqajFLK5AMQ==}
    engines: {node: '>=18'}
    cpu: [ia32]
    os: [win32]

  '@esbuild/win32-x64@0.25.5':
    resolution: {integrity: sha512-TXv6YnJ8ZMVdX+SXWVBo/0p8LTcrUYngpWjvm91TMjjBQii7Oz11Lw5lbDV5Y0TzuhSJHwiH4hEtC1I42mMS0g==}
    engines: {node: '>=18'}
    cpu: [x64]
    os: [win32]

  '@supabase/auth-js@2.69.1':
    resolution: {integrity: sha512-FILtt5WjCNzmReeRLq5wRs3iShwmnWgBvxHfqapC/VoljJl+W8hDAyFmf1NVw3zH+ZjZ05AKxiKxVeb0HNWRMQ==}

  '@supabase/functions-js@2.4.4':
    resolution: {integrity: sha512-WL2p6r4AXNGwop7iwvul2BvOtuJ1YQy8EbOd0dhG1oN1q8el/BIRSFCFnWAMM/vJJlHWLi4ad22sKbKr9mvjoA==}

  '@supabase/node-fetch@2.6.15':
    resolution: {integrity: sha512-1ibVeYUacxWYi9i0cf5efil6adJ9WRyZBLivgjs+AUpewx1F3xPi7gLgaASI2SmIQxPoCEjAsLAzKPgMJVgOUQ==}
    engines: {node: 4.x || >=6.0.0}

  '@supabase/postgrest-js@1.19.4':
    resolution: {integrity: sha512-O4soKqKtZIW3olqmbXXbKugUtByD2jPa8kL2m2c1oozAO11uCcGrRhkZL0kVxjBLrXHE0mdSkFsMj7jDSfyNpw==}

  '@supabase/realtime-js@2.11.2':
    resolution: {integrity: sha512-u/XeuL2Y0QEhXSoIPZZwR6wMXgB+RQbJzG9VErA3VghVt7uRfSVsjeqd7m5GhX3JR6dM/WRmLbVR8URpDWG4+w==}

  '@supabase/storage-js@2.7.1':
    resolution: {integrity: sha512-asYHcyDR1fKqrMpytAS1zjyEfvxuOIp1CIXX7ji4lHHcJKqyk+sLl/Vxgm4sN6u8zvuUtae9e4kDxQP2qrwWBA==}

  '@supabase/supabase-js@2.49.8':
    resolution: {integrity: sha512-zzBQLgS/jZs7btWcIAc7V5yfB+juG7h0AXxKowMJuySsO5vK+F7Vp+HCa07Z+tu9lZtr3sT9fofkc86bdylmtw==}

  '@types/node@22.15.29':
    resolution: {integrity: sha512-LNdjOkUDlU1RZb8e1kOIUpN1qQUlzGkEtbVNo53vbrwDg5om6oduhm4SiUaPW5ASTXhAiP0jInWG8Qx9fVlOeQ==}

  '@types/phoenix@1.6.6':
    resolution: {integrity: sha512-PIzZZlEppgrpoT2QgbnDU+MMzuR6BbCjllj0bM70lWoejMeNJAxCchxnv7J3XFkI8MpygtRpzXrIlmWUBclP5A==}

  '@types/ws@8.18.1':
    resolution: {integrity: sha512-ThVF6DCVhA8kUGy+aazFQ4kXQ7E1Ty7A3ypFOe0IcJV8O/M511G99AW24irKrW56Wt44yG9+ij8FaqoBGkuBXg==}

  cookie@1.0.2:
    resolution: {integrity: sha512-9Kr/j4O16ISv8zBBhJoi4bXOYNTkFLOqSL3UDB0njXxCXNezjeyVrJyGOWtgfs/q2km1gwBcfH8q1yEGoMYunA==}
    engines: {node: '>=18'}

  esbuild@0.25.5:
    resolution: {integrity: sha512-P8OtKZRv/5J5hhz0cUAdu/cLuPIKXpQl1R9pZtvmHWQvrAUVd0UNIPT4IB4W3rNOqVO0rlqHmCIbSwxh/c9yUQ==}
    engines: {node: '>=18'}
    hasBin: true

  fsevents@2.3.3:
    resolution: {integrity: sha512-5xoDfX+fL7faATnagmWPpbFtwh/R77WmMMqqHGS65C3vvB0YHrgF+B1YmZ3441tMj5n63k0212XNoJwzlhffQw==}
    engines: {node: ^8.16.0 || ^10.6.0 || >=11.0.0}
    os: [darwin]

  get-tsconfig@4.10.1:
    resolution: {integrity: sha512-auHyJ4AgMz7vgS8Hp3N6HXSmlMdUyhSUrfBF16w153rxtLIEOE+HGqaBppczZvnHLqQJfiHotCYpNhl0lUROFQ==}

  resolve-pkg-maps@1.0.0:
    resolution: {integrity: sha512-seS2Tj26TBVOC2NIc2rOe2y2ZO7efxITtLZcGSOnHHNOQ7CkiUBfw0Iw2ck6xkIhPwLhKNLS8BO+hEpngQlqzw==}

  tr46@0.0.3:
    resolution: {integrity: sha512-N3WMsuqV66lT30CrXNbEjx4GEwlow3v6rr4mCcv6prnfwhS01rkgyFdjPNBYd9br7LpXV1+Emh01fHnq2Gdgrw==}

  tsx@4.19.4:
    resolution: {integrity: sha512-gK5GVzDkJK1SI1zwHf32Mqxf2tSJkNx+eYcNly5+nHvWqXUJYUkWBQtKauoESz3ymezAI++ZwT855x5p5eop+Q==}
    engines: {node: '>=18.0.0'}
    hasBin: true

  typescript@5.8.3:
    resolution: {integrity: sha512-p1diW6TqL9L07nNxvRMM7hMMw4c5XOo/1ibL4aAIGmSAt9slTE1Xgw5KWuof2uTOvCg9BY7ZRi+GaF+7sfgPeQ==}
    engines: {node: '>=14.17'}
    hasBin: true

  undici-types@6.21.0:
    resolution: {integrity: sha512-iwDZqg0QAGrg9Rav5H4n0M64c3mkR59cJ6wQp+7C4nI0gsmExaedaYLNO44eT4AtBBwjbTiGPMlt2Md0T9H9JQ==}

  webidl-conversions@3.0.1:
    resolution: {integrity: sha512-2JAn3z8AR6rjK8Sm8orRC0h/bcl/DqL7tRPdGZ4I1CjdF+EaMLmYxBHyXuKL849eucPFhvBoxMsflfOb8kxaeQ==}

  whatwg-url@5.0.0:
    resolution: {integrity: sha512-saE57nupxk6v3HY35+jzBwYa0rKSy0XR8JSxZPwgLr7ys0IBzhGviA1/TUGJLmSVqs8pb9AnvICXEuOHLprYTw==}

  ws@8.18.2:
    resolution: {integrity: sha512-DMricUmwGZUVr++AEAe2uiVM7UoO9MAVZMDu05UQOaUII0lp+zOzLLU4Xqh/JvTqklB1T4uELaaPBKyjE1r4fQ==}
    engines: {node: '>=10.0.0'}
    peerDependencies:
      bufferutil: ^4.0.1
      utf-8-validate: '>=5.0.2'
    peerDependenciesMeta:
      bufferutil:
        optional: true
      utf-8-validate:
        optional: true

snapshots:

  '@esbuild/aix-ppc64@0.25.5':
    optional: true

  '@esbuild/android-arm64@0.25.5':
    optional: true

  '@esbuild/android-arm@0.25.5':
    optional: true

  '@esbuild/android-x64@0.25.5':
    optional: true

  '@esbuild/darwin-arm64@0.25.5':
    optional: true

  '@esbuild/darwin-x64@0.25.5':
    optional: true

  '@esbuild/freebsd-arm64@0.25.5':
    optional: true

  '@esbuild/freebsd-x64@0.25.5':
    optional: true

  '@esbuild/linux-arm64@0.25.5':
    optional: true

  '@esbuild/linux-arm@0.25.5':
    optional: true

  '@esbuild/linux-ia32@0.25.5':
    optional: true

  '@esbuild/linux-loong64@0.25.5':
    optional: true

  '@esbuild/linux-mips64el@0.25.5':
    optional: true

  '@esbuild/linux-ppc64@0.25.5':
    optional: true

  '@esbuild/linux-riscv64@0.25.5':
    optional: true

  '@esbuild/linux-s390x@0.25.5':
    optional: true

  '@esbuild/linux-x64@0.25.5':
    optional: true

  '@esbuild/netbsd-arm64@0.25.5':
    optional: true

  '@esbuild/netbsd-x64@0.25.5':
    optional: true

  '@esbuild/openbsd-arm64@0.25.5':
    optional: true

  '@esbuild/openbsd-x64@0.25.5':
    optional: true

  '@esbuild/sunos-x64@0.25.5':
    optional: true

  '@esbuild/win32-arm64@0.25.5':
    optional: true

  '@esbuild/win32-ia32@0.25.5':
    optional: true

  '@esbuild/win32-x64@0.25.5':
    optional: true

  '@supabase/auth-js@2.69.1':
    dependencies:
      '@supabase/node-fetch': 2.6.15

  '@supabase/functions-js@2.4.4':
    dependencies:
      '@supabase/node-fetch': 2.6.15

  '@supabase/node-fetch@2.6.15':
    dependencies:
      whatwg-url: 5.0.0

  '@supabase/postgrest-js@1.19.4':
    dependencies:
      '@supabase/node-fetch': 2.6.15

  '@supabase/realtime-js@2.11.2':
    dependencies:
      '@supabase/node-fetch': 2.6.15
      '@types/phoenix': 1.6.6
      '@types/ws': 8.18.1
      ws: 8.18.2
    transitivePeerDependencies:
      - bufferutil
      - utf-8-validate

  '@supabase/storage-js@2.7.1':
    dependencies:
      '@supabase/node-fetch': 2.6.15

  '@supabase/supabase-js@2.49.8':
    dependencies:
      '@supabase/auth-js': 2.69.1
      '@supabase/functions-js': 2.4.4
      '@supabase/node-fetch': 2.6.15
      '@supabase/postgrest-js': 1.19.4
      '@supabase/realtime-js': 2.11.2
      '@supabase/storage-js': 2.7.1
    transitivePeerDependencies:
      - bufferutil
      - utf-8-validate

  '@types/node@22.15.29':
    dependencies:
      undici-types: 6.21.0

  '@types/phoenix@1.6.6': {}

  '@types/ws@8.18.1':
    dependencies:
      '@types/node': 22.15.29

  cookie@1.0.2: {}

  esbuild@0.25.5:
    optionalDependencies:
      '@esbuild/aix-ppc64': 0.25.5
      '@esbuild/android-arm': 0.25.5
      '@esbuild/android-arm64': 0.25.5
      '@esbuild/android-x64': 0.25.5
      '@esbuild/darwin-arm64': 0.25.5
      '@esbuild/darwin-x64': 0.25.5
      '@esbuild/freebsd-arm64': 0.25.5
      '@esbuild/freebsd-x64': 0.25.5
      '@esbuild/linux-arm': 0.25.5
      '@esbuild/linux-arm64': 0.25.5
      '@esbuild/linux-ia32': 0.25.5
      '@esbuild/linux-loong64': 0.25.5
      '@esbuild/linux-mips64el': 0.25.5
      '@esbuild/linux-ppc64': 0.25.5
      '@esbuild/linux-riscv64': 0.25.5
      '@esbuild/linux-s390x': 0.25.5
      '@esbuild/linux-x64': 0.25.5
      '@esbuild/netbsd-arm64': 0.25.5
      '@esbuild/netbsd-x64': 0.25.5
      '@esbuild/openbsd-arm64': 0.25.5
      '@esbuild/openbsd-x64': 0.25.5
      '@esbuild/sunos-x64': 0.25.5
      '@esbuild/win32-arm64': 0.25.5
      '@esbuild/win32-ia32': 0.25.5
      '@esbuild/win32-x64': 0.25.5

  fsevents@2.3.3:
    optional: true

  get-tsconfig@4.10.1:
    dependencies:
      resolve-pkg-maps: 1.0.0

  resolve-pkg-maps@1.0.0: {}

  tr46@0.0.3: {}

  tsx@4.19.4:
    dependencies:
      esbuild: 0.25.5
      get-tsconfig: 4.10.1
    optionalDependencies:
      fsevents: 2.3.3

  typescript@5.8.3: {}

  undici-types@6.21.0: {}

  webidl-conversions@3.0.1: {}

  whatwg-url@5.0.0:
    dependencies:
      tr46: 0.0.3
      webidl-conversions: 3.0.1

  ws@8.18.2: {}
